
Microsoft Visual Studio Solution File, Format Version 12.00
# Visual Studio Version 16
VisualStudioVersion = 16.0.30330.147
MinimumVisualStudioVersion = 10.0.40219.1
Project("{8BC9CEB8-8B4A-11D0-8D11-00A0C91BC942}") = "My_Timer", "My_Timer.vcxproj", "{F7090279-FE4B-436D-9DC1-C87B9845D843}"
EndProject
Global
	GlobalSection(SolutionConfigurationPlatforms) = preSolution
		Debug|x64 = Debug|x64
		Debug|x86 = Debug|x86
		Release|x64 = Release|x64
		Release|x86 = Release|x86
	EndGlobalSection
	GlobalSection(ProjectConfigurationPlatforms) = postSolution
		{F7090279-FE4B-436D-9DC1-C87B9845D843}.Debug|x64.ActiveCfg = Debug|x64
		{F7090279-FE4B-436D-9DC1-C87B9845D843}.Debug|x64.Build.0 = Debug|x64
		{F7090279-FE4B-436D-9DC1-C87B9845D843}.Debug|x86.ActiveCfg = Debug|Win32
		{F7090279-FE4B-436D-9DC1-C87B9845D843}.Debug|x86.Build.0 = Debug|Win32
		{F7090279-FE4B-436D-9DC1-C87B9845D843}.Release|x64.ActiveCfg = Release|x64
		{F7090279-FE4B-436D-9DC1-C87B9845D843}.Release|x64.Build.0 = Release|x64
		{F7090279-FE4B-436D-9DC1-C87B9845D843}.Release|x86.ActiveCfg = Release|Win32
		{F7090279-FE4B-436D-9DC1-C87B9845D843}.Release|x86.Build.0 = Release|Win32
	EndGlobalSection
	GlobalSection(SolutionProperties) = preSolution
		HideSolutionNode = FALSE
	EndGlobalSection
	GlobalSection(ExtensibilityGlobals) = postSolution
		SolutionGuid = {3920937F-1FF4-46BD-969F-FD95CB82D8DA}
	EndGlobalSection
EndGlobal
